// !$*UTF8*$!
{
	archiveVersion = 1;
	classes = {
	};
	objectVersion = 77;
	objects = {

/* Begin PBXBuildFile section */
		2147E60C2CCF48990027945C /* GlobalState.swift in Sources */ = {isa = PBXBuildFile; fileRef = 2147E60B2CCF48990027945C /* GlobalState.swift */; };
		21526CE42CD17C1E0089F680 /* XZSlider.swift in Sources */ = {isa = PBXBuildFile; fileRef = 21526CE32CD17C1E0089F680 /* XZSlider.swift */; };
		21526CE62CD1C29D0089F680 /* Binding+Extensions.swift in Sources */ = {isa = PBXBuildFile; fileRef = 21526CE52CD1C2940089F680 /* Binding+Extensions.swift */; };
		215F31652CCEDA0C00F6ADD5 /* BackingView.swift in Sources */ = {isa = PBXBuildFile; fileRef = 215F31642CCEDA0500F6ADD5 /* BackingView.swift */; };
		215F31682CCEE82D00F6ADD5 /* ObjCUtilities.swift in Sources */ = {isa = PBXBuildFile; fileRef = 215F31672CCEE82D00F6ADD5 /* ObjCUtilities.swift */; };
		215F316A2CCEF4E500F6ADD5 /* HostingView.swift in Sources */ = {isa = PBXBuildFile; fileRef = 215F31692CCEF4E500F6ADD5 /* HostingView.swift */; };
		215F316C2CCEFB7D00F6ADD5 /* EdgeLightWindow@Runtime.swift in Sources */ = {isa = PBXBuildFile; fileRef = 215F316B2CCEFB7000F6ADD5 /* EdgeLightWindow@Runtime.swift */; };
		215F31712CCEFD9700F6ADD5 /* ControllerView.swift in Sources */ = {isa = PBXBuildFile; fileRef = 215F31702CCEFD9700F6ADD5 /* ControllerView.swift */; };
		215F31752CCEFE4F00F6ADD5 /* ControllerWindow.swift in Sources */ = {isa = PBXBuildFile; fileRef = 215F31742CCEFE4D00F6ADD5 /* ControllerWindow.swift */; };
		2161CB282CCED8E5002E108A /* ContentView2.swift in Sources */ = {isa = PBXBuildFile; fileRef = 2161CB232CCED8E5002E108A /* ContentView2.swift */; };
		2161CB292CCED8E5002E108A /* SAELightsOnMacApp.swift in Sources */ = {isa = PBXBuildFile; fileRef = 2161CB252CCED8E5002E108A /* SAELightsOnMacApp.swift */; };
		2161CB2A2CCED8E5002E108A /* Swizzles.swift in Sources */ = {isa = PBXBuildFile; fileRef = 2161CB262CCED8E5002E108A /* Swizzles.swift */; };
		2161CB2C2CCED8E5002E108A /* Assets.xcassets in Resources */ = {isa = PBXBuildFile; fileRef = 2161CB212CCED8E5002E108A /* Assets.xcassets */; };
		21937A0F2CD1CEEE00486DF4 /* ControllerMeshGradientSettingsView.swift in Sources */ = {isa = PBXBuildFile; fileRef = 21937A0E2CD1CEEE00486DF4 /* ControllerMeshGradientSettingsView.swift */; };
		21B37D8A2CCF107A004636AF /* FullWidthButtonStyle.swift in Sources */ = {isa = PBXBuildFile; fileRef = 21B37D892CCF107A004636AF /* FullWidthButtonStyle.swift */; };
		21B37D8E2CCF1E9B004636AF /* FullWidthToggleStyle.swift in Sources */ = {isa = PBXBuildFile; fileRef = 21B37D8D2CCF1E9B004636AF /* FullWidthToggleStyle.swift */; };
		21B9BA892CD12BD50053DE2A /* TestView.swift in Sources */ = {isa = PBXBuildFile; fileRef = 21B9BA882CD12BD30053DE2A /* TestView.swift */; };
		21CFDBDF2E32801A00985785 /* ControllerViewPlatters.swift in Sources */ = {isa = PBXBuildFile; fileRef = 21CFDBDE2E32801600985785 /* ControllerViewPlatters.swift */; };
		21D108292CCF4FD1001AACF1 /* XZColorPicker.swift in Sources */ = {isa = PBXBuildFile; fileRef = 21D108282CCF4FD1001AACF1 /* XZColorPicker.swift */; };
		21FD4A752CD270C4009351FF /* IntelligenceUIPlatterView.swift in Sources */ = {isa = PBXBuildFile; fileRef = 21FD4A742CD270C4009351FF /* IntelligenceUIPlatterView.swift */; };
		21FD4A772CD28C63009351FF /* ControllerEdgeLightSettingsView.swift in Sources */ = {isa = PBXBuildFile; fileRef = 21FD4A762CD28C56009351FF /* ControllerEdgeLightSettingsView.swift */; };
		21FD4A7A2CD28D38009351FF /* ControllerEdgeLightWindowSettingsView.swift in Sources */ = {isa = PBXBuildFile; fileRef = 21FD4A792CD28D32009351FF /* ControllerEdgeLightWindowSettingsView.swift */; };
		21FD4A7C2CD2E9D1009351FF /* Test.swift in Sources */ = {isa = PBXBuildFile; fileRef = 21FD4A7B2CD2E9D0009351FF /* Test.swift */; };
/* End PBXBuildFile section */

/* Begin PBXFileReference section */
		211244692CCAFF61009C1186 /* SAELightsOnMac.app */ = {isa = PBXFileReference; explicitFileType = wrapper.application; includeInIndex = 0; path = SAELightsOnMac.app; sourceTree = BUILT_PRODUCTS_DIR; };
		2147E60B2CCF48990027945C /* GlobalState.swift */ = {isa = PBXFileReference; lastKnownFileType = sourcecode.swift; path = GlobalState.swift; sourceTree = "<group>"; };
		21526CE32CD17C1E0089F680 /* XZSlider.swift */ = {isa = PBXFileReference; lastKnownFileType = sourcecode.swift; path = XZSlider.swift; sourceTree = "<group>"; };
		21526CE52CD1C2940089F680 /* Binding+Extensions.swift */ = {isa = PBXFileReference; lastKnownFileType = sourcecode.swift; path = "Binding+Extensions.swift"; sourceTree = "<group>"; };
		215F31632CCED9AC00F6ADD5 /* SAELightsOnMac.entitlements */ = {isa = PBXFileReference; lastKnownFileType = text.plist.entitlements; path = SAELightsOnMac.entitlements; sourceTree = "<group>"; };
		215F31642CCEDA0500F6ADD5 /* BackingView.swift */ = {isa = PBXFileReference; lastKnownFileType = sourcecode.swift; path = BackingView.swift; sourceTree = "<group>"; };
		215F31672CCEE82D00F6ADD5 /* ObjCUtilities.swift */ = {isa = PBXFileReference; lastKnownFileType = sourcecode.swift; path = ObjCUtilities.swift; sourceTree = "<group>"; };
		215F31692CCEF4E500F6ADD5 /* HostingView.swift */ = {isa = PBXFileReference; lastKnownFileType = sourcecode.swift; path = HostingView.swift; sourceTree = "<group>"; };
		215F316B2CCEFB7000F6ADD5 /* EdgeLightWindow@Runtime.swift */ = {isa = PBXFileReference; lastKnownFileType = sourcecode.swift; path = "EdgeLightWindow@Runtime.swift"; sourceTree = "<group>"; };
		215F31702CCEFD9700F6ADD5 /* ControllerView.swift */ = {isa = PBXFileReference; lastKnownFileType = sourcecode.swift; path = ControllerView.swift; sourceTree = "<group>"; };
		215F31742CCEFE4D00F6ADD5 /* ControllerWindow.swift */ = {isa = PBXFileReference; lastKnownFileType = sourcecode.swift; path = ControllerWindow.swift; sourceTree = "<group>"; };
		2161CB212CCED8E5002E108A /* Assets.xcassets */ = {isa = PBXFileReference; lastKnownFileType = folder.assetcatalog; path = Assets.xcassets; sourceTree = "<group>"; };
		2161CB232CCED8E5002E108A /* ContentView2.swift */ = {isa = PBXFileReference; lastKnownFileType = sourcecode.swift; path = ContentView2.swift; sourceTree = "<group>"; };
		2161CB252CCED8E5002E108A /* SAELightsOnMacApp.swift */ = {isa = PBXFileReference; lastKnownFileType = sourcecode.swift; path = SAELightsOnMacApp.swift; sourceTree = "<group>"; };
		2161CB262CCED8E5002E108A /* Swizzles.swift */ = {isa = PBXFileReference; lastKnownFileType = sourcecode.swift; path = Swizzles.swift; sourceTree = "<group>"; };
		21937A0E2CD1CEEE00486DF4 /* ControllerMeshGradientSettingsView.swift */ = {isa = PBXFileReference; lastKnownFileType = sourcecode.swift; path = ControllerMeshGradientSettingsView.swift; sourceTree = "<group>"; };
		21B37D892CCF107A004636AF /* FullWidthButtonStyle.swift */ = {isa = PBXFileReference; lastKnownFileType = sourcecode.swift; path = FullWidthButtonStyle.swift; sourceTree = "<group>"; };
		21B37D8D2CCF1E9B004636AF /* FullWidthToggleStyle.swift */ = {isa = PBXFileReference; lastKnownFileType = sourcecode.swift; path = FullWidthToggleStyle.swift; sourceTree = "<group>"; };
		21B9BA882CD12BD30053DE2A /* TestView.swift */ = {isa = PBXFileReference; lastKnownFileType = sourcecode.swift; path = TestView.swift; sourceTree = "<group>"; };
		21CFDBDE2E32801600985785 /* ControllerViewPlatters.swift */ = {isa = PBXFileReference; lastKnownFileType = sourcecode.swift; path = ControllerViewPlatters.swift; sourceTree = "<group>"; };
		21D108282CCF4FD1001AACF1 /* XZColorPicker.swift */ = {isa = PBXFileReference; lastKnownFileType = sourcecode.swift; path = XZColorPicker.swift; sourceTree = "<group>"; };
		21FD4A742CD270C4009351FF /* IntelligenceUIPlatterView.swift */ = {isa = PBXFileReference; lastKnownFileType = sourcecode.swift; path = IntelligenceUIPlatterView.swift; sourceTree = "<group>"; };
		21FD4A762CD28C56009351FF /* ControllerEdgeLightSettingsView.swift */ = {isa = PBXFileReference; lastKnownFileType = sourcecode.swift; path = ControllerEdgeLightSettingsView.swift; sourceTree = "<group>"; };
		21FD4A792CD28D32009351FF /* ControllerEdgeLightWindowSettingsView.swift */ = {isa = PBXFileReference; lastKnownFileType = sourcecode.swift; path = ControllerEdgeLightWindowSettingsView.swift; sourceTree = "<group>"; };
		21FD4A7B2CD2E9D0009351FF /* Test.swift */ = {isa = PBXFileReference; lastKnownFileType = sourcecode.swift; path = Test.swift; sourceTree = "<group>"; };
/* End PBXFileReference section */

/* Begin PBXFileSystemSynchronizedRootGroup section */
		2161CB2F2CCED90C002E108A /* Preview Content */ = {
			isa = PBXFileSystemSynchronizedRootGroup;
			path = "Preview Content";
			sourceTree = "<group>";
		};
/* End PBXFileSystemSynchronizedRootGroup section */

/* Begin PBXFrameworksBuildPhase section */
		211244662CCAFF61009C1186 /* Frameworks */ = {
			isa = PBXFrameworksBuildPhase;
			buildActionMask = 2147483647;
			files = (
			);
			runOnlyForDeploymentPostprocessing = 0;
		};
/* End PBXFrameworksBuildPhase section */

/* Begin PBXGroup section */
		211244602CCAFF61009C1186 = {
			isa = PBXGroup;
			children = (
				2161CB2D2CCED906002E108A /* SAELightsOnMac */,
				2112446A2CCAFF61009C1186 /* Products */,
			);
			sourceTree = "<group>";
		};
		2112446A2CCAFF61009C1186 /* Products */ = {
			isa = PBXGroup;
			children = (
				211244692CCAFF61009C1186 /* SAELightsOnMac.app */,
			);
			name = Products;
			sourceTree = "<group>";
		};
		2147E60D2CCF4B8A0027945C /* Controls */ = {
			isa = PBXGroup;
			children = (
				21FD4A742CD270C4009351FF /* IntelligenceUIPlatterView.swift */,
				21526CE32CD17C1E0089F680 /* XZSlider.swift */,
				21D108282CCF4FD1001AACF1 /* XZColorPicker.swift */,
			);
			path = Controls;
			sourceTree = "<group>";
		};
		215F31662CCEE82C00F6ADD5 /* Backend */ = {
			isa = PBXGroup;
			children = (
				2147E60B2CCF48990027945C /* GlobalState.swift */,
				215F31692CCEF4E500F6ADD5 /* HostingView.swift */,
				215F31672CCEE82D00F6ADD5 /* ObjCUtilities.swift */,
				2161CB262CCED8E5002E108A /* Swizzles.swift */,
				21526CE52CD1C2940089F680 /* Binding+Extensions.swift */,
			);
			path = Backend;
			sourceTree = "<group>";
		};
		215F31722CCEFE2F00F6ADD5 /* Miscellaneous */ = {
			isa = PBXGroup;
			children = (
				21FD4A7B2CD2E9D0009351FF /* Test.swift */,
				2161CB232CCED8E5002E108A /* ContentView2.swift */,
			);
			path = Miscellaneous;
			sourceTree = "<group>";
		};
		215F31732CCEFE4500F6ADD5 /* Windows */ = {
			isa = PBXGroup;
			children = (
				215F316B2CCEFB7000F6ADD5 /* EdgeLightWindow@Runtime.swift */,
				215F31742CCEFE4D00F6ADD5 /* ControllerWindow.swift */,
			);
			path = Windows;
			sourceTree = "<group>";
		};
		2161CB2D2CCED906002E108A /* SAELightsOnMac */ = {
			isa = PBXGroup;
			children = (
				2147E60D2CCF4B8A0027945C /* Controls */,
				21B37D862CCF1066004636AF /* Styles */,
				215F31732CCEFE4500F6ADD5 /* Windows */,
				2161CB312CCED918002E108A /* Views */,
				215F31662CCEE82C00F6ADD5 /* Backend */,
				2161CB252CCED8E5002E108A /* SAELightsOnMacApp.swift */,
				215F31722CCEFE2F00F6ADD5 /* Miscellaneous */,
				215F31632CCED9AC00F6ADD5 /* SAELightsOnMac.entitlements */,
				2161CB212CCED8E5002E108A /* Assets.xcassets */,
				2161CB2F2CCED90C002E108A /* Preview Content */,
			);
			path = SAELightsOnMac;
			sourceTree = "<group>";
		};
		2161CB312CCED918002E108A /* Views */ = {
			isa = PBXGroup;
			children = (
				21FD4A722CD1D441009351FF /* Subviews */,
				215F31702CCEFD9700F6ADD5 /* ControllerView.swift */,
				215F31642CCEDA0500F6ADD5 /* BackingView.swift */,
				21B9BA882CD12BD30053DE2A /* TestView.swift */,
			);
			path = Views;
			sourceTree = "<group>";
		};
		21B37D862CCF1066004636AF /* Styles */ = {
			isa = PBXGroup;
			children = (
				21B37D892CCF107A004636AF /* FullWidthButtonStyle.swift */,
				21B37D8D2CCF1E9B004636AF /* FullWidthToggleStyle.swift */,
			);
			path = Styles;
			sourceTree = "<group>";
		};
		21FD4A722CD1D441009351FF /* Subviews */ = {
			isa = PBXGroup;
			children = (
				21FD4A732CD1D446009351FF /* ControllerView */,
			);
			path = Subviews;
			sourceTree = "<group>";
		};
		21FD4A732CD1D446009351FF /* ControllerView */ = {
			isa = PBXGroup;
			children = (
				21CFDBDE2E32801600985785 /* ControllerViewPlatters.swift */,
				21937A0E2CD1CEEE00486DF4 /* ControllerMeshGradientSettingsView.swift */,
				21FD4A762CD28C56009351FF /* ControllerEdgeLightSettingsView.swift */,
				21FD4A792CD28D32009351FF /* ControllerEdgeLightWindowSettingsView.swift */,
			);
			path = ControllerView;
			sourceTree = "<group>";
		};
/* End PBXGroup section */

/* Begin PBXNativeTarget section */
		211244682CCAFF61009C1186 /* SAELightsOnMac */ = {
			isa = PBXNativeTarget;
			buildConfigurationList = 211244782CCAFF62009C1186 /* Build configuration list for PBXNativeTarget "SAELightsOnMac" */;
			buildPhases = (
				211244652CCAFF61009C1186 /* Sources */,
				211244662CCAFF61009C1186 /* Frameworks */,
				211244672CCAFF61009C1186 /* Resources */,
			);
			buildRules = (
			);
			dependencies = (
			);
			fileSystemSynchronizedGroups = (
				2161CB2F2CCED90C002E108A /* Preview Content */,
			);
			name = SAELightsOnMac;
			packageProductDependencies = (
			);
			productName = SAEMacTest;
			productReference = 211244692CCAFF61009C1186 /* SAELightsOnMac.app */;
			productType = "com.apple.product-type.application";
		};
/* End PBXNativeTarget section */

/* Begin PBXProject section */
		211244612CCAFF61009C1186 /* Project object */ = {
			isa = PBXProject;
			attributes = {
				BuildIndependentTargetsInParallel = 1;
				LastSwiftUpdateCheck = 1610;
				LastUpgradeCheck = 1610;
				TargetAttributes = {
					211244682CCAFF61009C1186 = {
						CreatedOnToolsVersion = 16.1;
					};
				};
			};
			buildConfigurationList = 211244642CCAFF61009C1186 /* Build configuration list for PBXProject "SAELightsOnMac" */;
			developmentRegion = en;
			hasScannedForEncodings = 0;
			knownRegions = (
				en,
				Base,
			);
			mainGroup = 211244602CCAFF61009C1186;
			minimizedProjectReferenceProxies = 1;
			preferredProjectObjectVersion = 77;
			productRefGroup = 2112446A2CCAFF61009C1186 /* Products */;
			projectDirPath = "";
			projectRoot = "";
			targets = (
				211244682CCAFF61009C1186 /* SAELightsOnMac */,
			);
		};
/* End PBXProject section */

/* Begin PBXResourcesBuildPhase section */
		211244672CCAFF61009C1186 /* Resources */ = {
			isa = PBXResourcesBuildPhase;
			buildActionMask = 2147483647;
			files = (
				2161CB2C2CCED8E5002E108A /* Assets.xcassets in Resources */,
			);
			runOnlyForDeploymentPostprocessing = 0;
		};
/* End PBXResourcesBuildPhase section */

/* Begin PBXSourcesBuildPhase section */
		211244652CCAFF61009C1186 /* Sources */ = {
			isa = PBXSourcesBuildPhase;
			buildActionMask = 2147483647;
			files = (
				21B9BA892CD12BD50053DE2A /* TestView.swift in Sources */,
				215F31712CCEFD9700F6ADD5 /* ControllerView.swift in Sources */,
				215F31752CCEFE4F00F6ADD5 /* ControllerWindow.swift in Sources */,
				2147E60C2CCF48990027945C /* GlobalState.swift in Sources */,
				21B37D8E2CCF1E9B004636AF /* FullWidthToggleStyle.swift in Sources */,
				215F316C2CCEFB7D00F6ADD5 /* EdgeLightWindow@Runtime.swift in Sources */,
				21D108292CCF4FD1001AACF1 /* XZColorPicker.swift in Sources */,
				21B37D8A2CCF107A004636AF /* FullWidthButtonStyle.swift in Sources */,
				21FD4A752CD270C4009351FF /* IntelligenceUIPlatterView.swift in Sources */,
				215F31682CCEE82D00F6ADD5 /* ObjCUtilities.swift in Sources */,
				21526CE62CD1C29D0089F680 /* Binding+Extensions.swift in Sources */,
				2161CB282CCED8E5002E108A /* ContentView2.swift in Sources */,
				21937A0F2CD1CEEE00486DF4 /* ControllerMeshGradientSettingsView.swift in Sources */,
				21CFDBDF2E32801A00985785 /* ControllerViewPlatters.swift in Sources */,
				2161CB292CCED8E5002E108A /* SAELightsOnMacApp.swift in Sources */,
				215F31652CCEDA0C00F6ADD5 /* BackingView.swift in Sources */,
				21526CE42CD17C1E0089F680 /* XZSlider.swift in Sources */,
				215F316A2CCEF4E500F6ADD5 /* HostingView.swift in Sources */,
				21FD4A7C2CD2E9D1009351FF /* Test.swift in Sources */,
				21FD4A772CD28C63009351FF /* ControllerEdgeLightSettingsView.swift in Sources */,
				2161CB2A2CCED8E5002E108A /* Swizzles.swift in Sources */,
				21FD4A7A2CD28D38009351FF /* ControllerEdgeLightWindowSettingsView.swift in Sources */,
			);
			runOnlyForDeploymentPostprocessing = 0;
		};
/* End PBXSourcesBuildPhase section */

/* Begin XCBuildConfiguration section */
		211244762CCAFF62009C1186 /* Debug */ = {
			isa = XCBuildConfiguration;
			buildSettings = {
				ALWAYS_SEARCH_USER_PATHS = NO;
				ASSETCATALOG_COMPILER_GENERATE_SWIFT_ASSET_SYMBOL_EXTENSIONS = YES;
				CLANG_ANALYZER_NONNULL = YES;
				CLANG_ANALYZER_NUMBER_OBJECT_CONVERSION = YES_AGGRESSIVE;
				CLANG_CXX_LANGUAGE_STANDARD = "gnu++20";
				CLANG_ENABLE_MODULES = YES;
				CLANG_ENABLE_OBJC_ARC = YES;
				CLANG_ENABLE_OBJC_WEAK = YES;
				CLANG_WARN_BLOCK_CAPTURE_AUTORELEASING = YES;
				CLANG_WARN_BOOL_CONVERSION = YES;
				CLANG_WARN_COMMA = YES;
				CLANG_WARN_CONSTANT_CONVERSION = YES;
				CLANG_WARN_DEPRECATED_OBJC_IMPLEMENTATIONS = YES;
				CLANG_WARN_DIRECT_OBJC_ISA_USAGE = YES_ERROR;
				CLANG_WARN_DOCUMENTATION_COMMENTS = YES;
				CLANG_WARN_EMPTY_BODY = YES;
				CLANG_WARN_ENUM_CONVERSION = YES;
				CLANG_WARN_INFINITE_RECURSION = YES;
				CLANG_WARN_INT_CONVERSION = YES;
				CLANG_WARN_NON_LITERAL_NULL_CONVERSION = YES;
				CLANG_WARN_OBJC_IMPLICIT_RETAIN_SELF = YES;
				CLANG_WARN_OBJC_LITERAL_CONVERSION = YES;
				CLANG_WARN_OBJC_ROOT_CLASS = YES_ERROR;
				CLANG_WARN_QUOTED_INCLUDE_IN_FRAMEWORK_HEADER = YES;
				CLANG_WARN_RANGE_LOOP_ANALYSIS = YES;
				CLANG_WARN_STRICT_PROTOTYPES = YES;
				CLANG_WARN_SUSPICIOUS_MOVE = YES;
				CLANG_WARN_UNGUARDED_AVAILABILITY = YES_AGGRESSIVE;
				CLANG_WARN_UNREACHABLE_CODE = YES;
				CLANG_WARN__DUPLICATE_METHOD_MATCH = YES;
				COPY_PHASE_STRIP = NO;
				DEBUG_INFORMATION_FORMAT = dwarf;
				ENABLE_STRICT_OBJC_MSGSEND = YES;
				ENABLE_TESTABILITY = YES;
				ENABLE_USER_SCRIPT_SANDBOXING = YES;
				GCC_C_LANGUAGE_STANDARD = gnu17;
				GCC_DYNAMIC_NO_PIC = NO;
				GCC_NO_COMMON_BLOCKS = YES;
				GCC_OPTIMIZATION_LEVEL = 0;
				GCC_PREPROCESSOR_DEFINITIONS = (
					"DEBUG=1",
					"$(inherited)",
				);
				GCC_WARN_64_TO_32_BIT_CONVERSION = YES;
				GCC_WARN_ABOUT_RETURN_TYPE = YES_ERROR;
				GCC_WARN_UNDECLARED_SELECTOR = YES;
				GCC_WARN_UNINITIALIZED_AUTOS = YES_AGGRESSIVE;
				GCC_WARN_UNUSED_FUNCTION = YES;
				GCC_WARN_UNUSED_VARIABLE = YES;
				LOCALIZATION_PREFERS_STRING_CATALOGS = YES;
				MACOSX_DEPLOYMENT_TARGET = 15.1;
				MTL_ENABLE_DEBUG_INFO = INCLUDE_SOURCE;
				MTL_FAST_MATH = YES;
				ONLY_ACTIVE_ARCH = YES;
				SDKROOT = macosx;
				SWIFT_ACTIVE_COMPILATION_CONDITIONS = "DEBUG $(inherited)";
				SWIFT_OPTIMIZATION_LEVEL = "-Onone";
			};
			name = Debug;
		};
		211244772CCAFF62009C1186 /* Release */ = {
			isa = XCBuildConfiguration;
			buildSettings = {
				ALWAYS_SEARCH_USER_PATHS = NO;
				ASSETCATALOG_COMPILER_GENERATE_SWIFT_ASSET_SYMBOL_EXTENSIONS = YES;
				CLANG_ANALYZER_NONNULL = YES;
				CLANG_ANALYZER_NUMBER_OBJECT_CONVERSION = YES_AGGRESSIVE;
				CLANG_CXX_LANGUAGE_STANDARD = "gnu++20";
				CLANG_ENABLE_MODULES = YES;
				CLANG_ENABLE_OBJC_ARC = YES;
				CLANG_ENABLE_OBJC_WEAK = YES;
				CLANG_WARN_BLOCK_CAPTURE_AUTORELEASING = YES;
				CLANG_WARN_BOOL_CONVERSION = YES;
				CLANG_WARN_COMMA = YES;
				CLANG_WARN_CONSTANT_CONVERSION = YES;
				CLANG_WARN_DEPRECATED_OBJC_IMPLEMENTATIONS = YES;
				CLANG_WARN_DIRECT_OBJC_ISA_USAGE = YES_ERROR;
				CLANG_WARN_DOCUMENTATION_COMMENTS = YES;
				CLANG_WARN_EMPTY_BODY = YES;
				CLANG_WARN_ENUM_CONVERSION = YES;
				CLANG_WARN_INFINITE_RECURSION = YES;
				CLANG_WARN_INT_CONVERSION = YES;
				CLANG_WARN_NON_LITERAL_NULL_CONVERSION = YES;
				CLANG_WARN_OBJC_IMPLICIT_RETAIN_SELF = YES;
				CLANG_WARN_OBJC_LITERAL_CONVERSION = YES;
				CLANG_WARN_OBJC_ROOT_CLASS = YES_ERROR;
				CLANG_WARN_QUOTED_INCLUDE_IN_FRAMEWORK_HEADER = YES;
				CLANG_WARN_RANGE_LOOP_ANALYSIS = YES;
				CLANG_WARN_STRICT_PROTOTYPES = YES;
				CLANG_WARN_SUSPICIOUS_MOVE = YES;
				CLANG_WARN_UNGUARDED_AVAILABILITY = YES_AGGRESSIVE;
				CLANG_WARN_UNREACHABLE_CODE = YES;
				CLANG_WARN__DUPLICATE_METHOD_MATCH = YES;
				COPY_PHASE_STRIP = NO;
				DEBUG_INFORMATION_FORMAT = "dwarf-with-dsym";
				ENABLE_NS_ASSERTIONS = NO;
				ENABLE_STRICT_OBJC_MSGSEND = YES;
				ENABLE_USER_SCRIPT_SANDBOXING = YES;
				GCC_C_LANGUAGE_STANDARD = gnu17;
				GCC_NO_COMMON_BLOCKS = YES;
				GCC_WARN_64_TO_32_BIT_CONVERSION = YES;
				GCC_WARN_ABOUT_RETURN_TYPE = YES_ERROR;
				GCC_WARN_UNDECLARED_SELECTOR = YES;
				GCC_WARN_UNINITIALIZED_AUTOS = YES_AGGRESSIVE;
				GCC_WARN_UNUSED_FUNCTION = YES;
				GCC_WARN_UNUSED_VARIABLE = YES;
				LOCALIZATION_PREFERS_STRING_CATALOGS = YES;
				MACOSX_DEPLOYMENT_TARGET = 15.1;
				MTL_ENABLE_DEBUG_INFO = NO;
				MTL_FAST_MATH = YES;
				SDKROOT = macosx;
				SWIFT_COMPILATION_MODE = wholemodule;
			};
			name = Release;
		};
		211244792CCAFF62009C1186 /* Debug */ = {
			isa = XCBuildConfiguration;
			buildSettings = {
				ASSETCATALOG_COMPILER_APPICON_NAME = AppIcon;
				ASSETCATALOG_COMPILER_GLOBAL_ACCENT_COLOR_NAME = AccentColor;
				CODE_SIGN_ENTITLEMENTS = SAELightsOnMac/SAELightsOnMac.entitlements;
				CODE_SIGN_IDENTITY = "Apple Development";
				"CODE_SIGN_IDENTITY[sdk=macosx*]" = "-";
				CODE_SIGN_STYLE = Manual;
				COMBINE_HIDPI_IMAGES = YES;
				CURRENT_PROJECT_VERSION = 1;
				DEVELOPMENT_ASSET_PATHS = "\"SAELightsOnMac/Preview Content\"";
				DEVELOPMENT_TEAM = "";
				ENABLE_HARDENED_RUNTIME = NO;
				ENABLE_PREVIEWS = YES;
				GENERATE_INFOPLIST_FILE = YES;
				INFOPLIST_KEY_NSAppleEventsUsageDescription = Test;
				INFOPLIST_KEY_NSHumanReadableCopyright = "";
				INFOPLIST_KEY_NSMicrophoneUsageDescription = Test;
				LD_RUNPATH_SEARCH_PATHS = (
					"$(inherited)",
					"@executable_path/../Frameworks",
				);
				MACOSX_DEPLOYMENT_TARGET = 15.0;
				MARKETING_VERSION = 1.0;
				PRODUCT_BUNDLE_IDENTIFIER = com.github.xezrunner.SAELightsOnMac;
				PRODUCT_NAME = "$(TARGET_NAME)";
				PROVISIONING_PROFILE_SPECIFIER = "";
				SUPPORTED_PLATFORMS = macosx;
				SUPPORTS_MACCATALYST = NO;
				SWIFT_EMIT_LOC_STRINGS = YES;
				SWIFT_VERSION = 5.0;
			};
			name = Debug;
		};
		2112447A2CCAFF62009C1186 /* Release */ = {
			isa = XCBuildConfiguration;
			buildSettings = {
				ASSETCATALOG_COMPILER_APPICON_NAME = AppIcon;
				ASSETCATALOG_COMPILER_GLOBAL_ACCENT_COLOR_NAME = AccentColor;
				CODE_SIGN_ENTITLEMENTS = SAELightsOnMac/SAELightsOnMac.entitlements;
				CODE_SIGN_IDENTITY = "Apple Development";
				"CODE_SIGN_IDENTITY[sdk=macosx*]" = "-";
				CODE_SIGN_STYLE = Manual;
				COMBINE_HIDPI_IMAGES = YES;
				CURRENT_PROJECT_VERSION = 1;
				DEVELOPMENT_ASSET_PATHS = "\"SAELightsOnMac/Preview Content\"";
				DEVELOPMENT_TEAM = "";
				ENABLE_HARDENED_RUNTIME = NO;
				ENABLE_PREVIEWS = YES;
				GENERATE_INFOPLIST_FILE = YES;
				INFOPLIST_KEY_NSAppleEventsUsageDescription = Test;
				INFOPLIST_KEY_NSHumanReadableCopyright = "";
				INFOPLIST_KEY_NSMicrophoneUsageDescription = Test;
				LD_RUNPATH_SEARCH_PATHS = (
					"$(inherited)",
					"@executable_path/../Frameworks",
				);
				MACOSX_DEPLOYMENT_TARGET = 15.0;
				MARKETING_VERSION = 1.0;
				PRODUCT_BUNDLE_IDENTIFIER = com.github.xezrunner.SAELightsOnMac;
				PRODUCT_NAME = "$(TARGET_NAME)";
				PROVISIONING_PROFILE_SPECIFIER = "";
				SUPPORTED_PLATFORMS = macosx;
				SUPPORTS_MACCATALYST = NO;
				SWIFT_EMIT_LOC_STRINGS = YES;
				SWIFT_VERSION = 5.0;
			};
			name = Release;
		};
/* End XCBuildConfiguration section */

/* Begin XCConfigurationList section */
		211244642CCAFF61009C1186 /* Build configuration list for PBXProject "SAELightsOnMac" */ = {
			isa = XCConfigurationList;
			buildConfigurations = (
				211244762CCAFF62009C1186 /* Debug */,
				211244772CCAFF62009C1186 /* Release */,
			);
			defaultConfigurationIsVisible = 0;
			defaultConfigurationName = Release;
		};
		211244782CCAFF62009C1186 /* Build configuration list for PBXNativeTarget "SAELightsOnMac" */ = {
			isa = XCConfigurationList;
			buildConfigurations = (
				211244792CCAFF62009C1186 /* Debug */,
				2112447A2CCAFF62009C1186 /* Release */,
			);
			defaultConfigurationIsVisible = 0;
			defaultConfigurationName = Release;
		};
/* End XCConfigurationList section */
	};
	rootObject = 211244612CCAFF61009C1186 /* Project object */;
}
